{
  "name": "bonus",
  "lockfileVersion": 3,
  "requires": true,
  "packages": {
    "": {
      "dependencies": {
        "@webdatarocks/webdatarocks": "^1.4.23"
      }
    },
    "node_modules/@webdatarocks/webdatarocks": {
      "version": "1.4.23",
      "resolved": "https://registry.npmjs.org/@webdatarocks/webdatarocks/-/webdatarocks-1.4.23.tgz",
      "integrity": "sha512-7xRWdiHYO64L41RWeSc/nBRSfir61n9e2bFc9b0+wc4o0M1/kUlMLmMrreDfEmkMBFMq+XO3YLifBVF86ql+ZA==",
      "license": "https://webdatarocks.com/license-agreement/"
    }
  }
}
